
Microsoft Visual Studio Solution File, Format Version 12.00
# Visual Studio 15
VisualStudioVersion = 15.0.28307.329
MinimumVisualStudioVersion = 10.0.40219.1
Project("{FAE04EC0-301F-11D3-BF4B-00C04F79EFBC}") = "Exercise.Akka.Livetimes", "Exercise.Akka.Livetimes\Exercise.Akka.Livetimes.csproj", "{69A6CEED-6EFC-4DE0-93AD-AFCEBE8CC687}"
EndProject
Project("{FAE04EC0-301F-11D3-BF4B-00C04F79EFBC}") = "Exercise.Akka.Hierarchy", "Exercise.Akka.Hierarchy\Exercise.Akka.Hierarchy.csproj", "{07345EA6-329C-48EF-84D8-7EC201BDE256}"
EndProject
Global
	GlobalSection(SolutionConfigurationPlatforms) = preSolution
		Debug|Any CPU = Debug|Any CPU
		Release|Any CPU = Release|Any CPU
	EndGlobalSection
	GlobalSection(ProjectConfigurationPlatforms) = postSolution
		{69A6CEED-6EFC-4DE0-93AD-AFCEBE8CC687}.Debug|Any CPU.ActiveCfg = Debug|Any CPU
		{69A6CEED-6EFC-4DE0-93AD-AFCEBE8CC687}.Debug|Any CPU.Build.0 = Debug|Any CPU
		{69A6CEED-6EFC-4DE0-93AD-AFCEBE8CC687}.Release|Any CPU.ActiveCfg = Release|Any CPU
		{69A6CEED-6EFC-4DE0-93AD-AFCEBE8CC687}.Release|Any CPU.Build.0 = Release|Any CPU
		{07345EA6-329C-48EF-84D8-7EC201BDE256}.Debug|Any CPU.ActiveCfg = Debug|Any CPU
		{07345EA6-329C-48EF-84D8-7EC201BDE256}.Debug|Any CPU.Build.0 = Debug|Any CPU
		{07345EA6-329C-48EF-84D8-7EC201BDE256}.Release|Any CPU.ActiveCfg = Release|Any CPU
		{07345EA6-329C-48EF-84D8-7EC201BDE256}.Release|Any CPU.Build.0 = Release|Any CPU
	EndGlobalSection
	GlobalSection(SolutionProperties) = preSolution
		HideSolutionNode = FALSE
	EndGlobalSection
	GlobalSection(ExtensibilityGlobals) = postSolution
		SolutionGuid = {9ABB754B-5F6A-4C76-8818-6B704B715912}
	EndGlobalSection
EndGlobal
